
Microsoft Visual Studio Solution File, Format Version 12.00
# Visual Studio Version 16
VisualStudioVersion = 16.0.30114.105
MinimumVisualStudioVersion = 10.0.40219.1
Project("{FAE04EC0-301F-11D3-BF4B-00C04F79EFBC}") = "Program", "Program.csproj", "{F3946DC3-D7BF-440D-94D4-7B1D9CC32433}"
EndProject
Global
	GlobalSection(SolutionConfigurationPlatforms) = preSolution
		Debug|Any CPU = Debug|Any CPU
		Release|Any CPU = Release|Any CPU
	EndGlobalSection
	GlobalSection(ProjectConfigurationPlatforms) = postSolution
		{F3946DC3-D7BF-440D-94D4-7B1D9CC32433}.Debug|Any CPU.ActiveCfg = Debug|Any CPU
		{F3946DC3-D7BF-440D-94D4-7B1D9CC32433}.Debug|Any CPU.Build.0 = Debug|Any CPU
		{F3946DC3-D7BF-440D-94D4-7B1D9CC32433}.Release|Any CPU.ActiveCfg = Release|Any CPU
		{F3946DC3-D7BF-440D-94D4-7B1D9CC32433}.Release|Any CPU.Build.0 = Release|Any CPU
	EndGlobalSection
	GlobalSection(SolutionProperties) = preSolution
		HideSolutionNode = FALSE
	EndGlobalSection
	GlobalSection(ExtensibilityGlobals) = postSolution
		SolutionGuid = {E57A08A2-E727-4614-9FC1-55FB6FBD5922}
	EndGlobalSection
EndGlobal
